
Microsoft Visual Studio Solution File, Format Version 12.00
# Visual Studio Version 17
VisualStudioVersion = 17.5.002.0
MinimumVisualStudioVersion = 10.0.40219.1
Project("{9A19103F-16F7-4668-BE54-9A1E7A4F7556}") = "MDK0101_Group8_project", "MDK0101_Group8_project\MDK0101_Group8_project.csproj", "{AFA77CF9-6254-46DB-8DA9-32AC65D99720}"
EndProject
Global
	GlobalSection(SolutionConfigurationPlatforms) = preSolution
		Debug|Any CPU = Debug|Any CPU
		Release|Any CPU = Release|Any CPU
	EndGlobalSection
	GlobalSection(ProjectConfigurationPlatforms) = postSolution
		{AFA77CF9-6254-46DB-8DA9-32AC65D99720}.Debug|Any CPU.ActiveCfg = Debug|Any CPU
		{AFA77CF9-6254-46DB-8DA9-32AC65D99720}.Debug|Any CPU.Build.0 = Debug|Any CPU
		{AFA77CF9-6254-46DB-8DA9-32AC65D99720}.Release|Any CPU.ActiveCfg = Release|Any CPU
		{AFA77CF9-6254-46DB-8DA9-32AC65D99720}.Release|Any CPU.Build.0 = Release|Any CPU
	EndGlobalSection
	GlobalSection(SolutionProperties) = preSolution
		HideSolutionNode = FALSE
	EndGlobalSection
	GlobalSection(ExtensibilityGlobals) = postSolution
		SolutionGuid = {0E25D38C-3C92-4F2C-AADF-C0C88CB757D4}
	EndGlobalSection
EndGlobal
