
Microsoft Visual Studio Solution File, Format Version 12.00
# Visual Studio Version 17
VisualStudioVersion = 17.8.34316.72
MinimumVisualStudioVersion = 10.0.40219.1
Project("{FAE04EC0-301F-11D3-BF4B-00C04F79EFBC}") = "RegTeachers", "Oknoreg\RegTeachers.csproj", "{40C7F7F6-7902-4DAB-9E76-52139FAD226C}"
EndProject
Global
	GlobalSection(SolutionConfigurationPlatforms) = preSolution
		Debug|Any CPU = Debug|Any CPU
		Release|Any CPU = Release|Any CPU
	EndGlobalSection
	GlobalSection(ProjectConfigurationPlatforms) = postSolution
		{40C7F7F6-7902-4DAB-9E76-52139FAD226C}.Debug|Any CPU.ActiveCfg = Debug|Any CPU
		{40C7F7F6-7902-4DAB-9E76-52139FAD226C}.Debug|Any CPU.Build.0 = Debug|Any CPU
		{40C7F7F6-7902-4DAB-9E76-52139FAD226C}.Release|Any CPU.ActiveCfg = Release|Any CPU
		{40C7F7F6-7902-4DAB-9E76-52139FAD226C}.Release|Any CPU.Build.0 = Release|Any CPU
	EndGlobalSection
	GlobalSection(SolutionProperties) = preSolution
		HideSolutionNode = FALSE
	EndGlobalSection
	GlobalSection(ExtensibilityGlobals) = postSolution
		SolutionGuid = {6092FA27-4C3C-4E6B-8AE1-28A850373850}
	EndGlobalSection
EndGlobal
